
Microsoft Visual Studio Solution File, Format Version 12.00
# Visual Studio Version 16
VisualStudioVersion = 16.0.29613.14
MinimumVisualStudioVersion = 10.0.40219.1
Project("{9A19103F-16F7-4668-BE54-9A1E7A4F7556}") = "ModeAnalyzerConsoleTest", "ModeAnalyzerConsoleTest.csproj", "{FFAABE64-8927-416C-8334-0123D71AF21E}"
EndProject
Project("{9A19103F-16F7-4668-BE54-9A1E7A4F7556}") = "MoodAnalyzer", "..\MoodAnalyzer\MoodAnalyzer.csproj", "{63057731-8075-4E17-8A74-AA1E11835E39}"
EndProject
Project("{FAE04EC0-301F-11D3-BF4B-00C04F79EFBC}") = "TypeTestexample", "..\TypeTestexample\TypeTestexample.csproj", "{9977F9F5-2330-4701-B1F2-AB4DCB424343}"
EndProject
Global
	GlobalSection(SolutionConfigurationPlatforms) = preSolution
		Debug|Any CPU = Debug|Any CPU
		Release|Any CPU = Release|Any CPU
	EndGlobalSection
	GlobalSection(ProjectConfigurationPlatforms) = postSolution
		{FFAABE64-8927-416C-8334-0123D71AF21E}.Debug|Any CPU.ActiveCfg = Debug|Any CPU
		{FFAABE64-8927-416C-8334-0123D71AF21E}.Debug|Any CPU.Build.0 = Debug|Any CPU
		{FFAABE64-8927-416C-8334-0123D71AF21E}.Release|Any CPU.ActiveCfg = Release|Any CPU
		{FFAABE64-8927-416C-8334-0123D71AF21E}.Release|Any CPU.Build.0 = Release|Any CPU
		{63057731-8075-4E17-8A74-AA1E11835E39}.Debug|Any CPU.ActiveCfg = Debug|Any CPU
		{63057731-8075-4E17-8A74-AA1E11835E39}.Debug|Any CPU.Build.0 = Debug|Any CPU
		{63057731-8075-4E17-8A74-AA1E11835E39}.Release|Any CPU.ActiveCfg = Release|Any CPU
		{63057731-8075-4E17-8A74-AA1E11835E39}.Release|Any CPU.Build.0 = Release|Any CPU
		{9977F9F5-2330-4701-B1F2-AB4DCB424343}.Debug|Any CPU.ActiveCfg = Debug|Any CPU
		{9977F9F5-2330-4701-B1F2-AB4DCB424343}.Debug|Any CPU.Build.0 = Debug|Any CPU
		{9977F9F5-2330-4701-B1F2-AB4DCB424343}.Release|Any CPU.ActiveCfg = Release|Any CPU
		{9977F9F5-2330-4701-B1F2-AB4DCB424343}.Release|Any CPU.Build.0 = Release|Any CPU
	EndGlobalSection
	GlobalSection(SolutionProperties) = preSolution
		HideSolutionNode = FALSE
	EndGlobalSection
	GlobalSection(ExtensibilityGlobals) = postSolution
		SolutionGuid = {04A6D552-86DF-41CD-A1F9-3E25B2331245}
	EndGlobalSection
EndGlobal
