
Microsoft Visual Studio Solution File, Format Version 12.00
# Visual Studio Version 16
VisualStudioVersion = 16.0.29613.14
MinimumVisualStudioVersion = 10.0.40219.1
Project("{9A19103F-16F7-4668-BE54-9A1E7A4F7556}") = "MoodAnalyzer", "MoodAnalyzer.csproj", "{CE4855E4-0103-4DA7-9986-1378F1047A45}"
EndProject
Project("{9A19103F-16F7-4668-BE54-9A1E7A4F7556}") = "ModeAnalyzerConsoleTest", "..\ModeAnalyzerConsoleTest\ModeAnalyzerConsoleTest.csproj", "{FFE028FC-E1A4-4652-8AA1-9B88B7B93AA7}"
EndProject
Global
	GlobalSection(SolutionConfigurationPlatforms) = preSolution
		Debug|Any CPU = Debug|Any CPU
		Release|Any CPU = Release|Any CPU
	EndGlobalSection
	GlobalSection(ProjectConfigurationPlatforms) = postSolution
		{CE4855E4-0103-4DA7-9986-1378F1047A45}.Debug|Any CPU.ActiveCfg = Debug|Any CPU
		{CE4855E4-0103-4DA7-9986-1378F1047A45}.Debug|Any CPU.Build.0 = Debug|Any CPU
		{CE4855E4-0103-4DA7-9986-1378F1047A45}.Release|Any CPU.ActiveCfg = Release|Any CPU
		{CE4855E4-0103-4DA7-9986-1378F1047A45}.Release|Any CPU.Build.0 = Release|Any CPU
		{FFE028FC-E1A4-4652-8AA1-9B88B7B93AA7}.Debug|Any CPU.ActiveCfg = Debug|Any CPU
		{FFE028FC-E1A4-4652-8AA1-9B88B7B93AA7}.Debug|Any CPU.Build.0 = Debug|Any CPU
		{FFE028FC-E1A4-4652-8AA1-9B88B7B93AA7}.Release|Any CPU.ActiveCfg = Release|Any CPU
		{FFE028FC-E1A4-4652-8AA1-9B88B7B93AA7}.Release|Any CPU.Build.0 = Release|Any CPU
	EndGlobalSection
	GlobalSection(SolutionProperties) = preSolution
		HideSolutionNode = FALSE
	EndGlobalSection
	GlobalSection(ExtensibilityGlobals) = postSolution
		SolutionGuid = {806557E2-13A1-449A-9562-D5062E52823A}
	EndGlobalSection
EndGlobal
